
Microsoft Visual Studio Solution File, Format Version 12.00
# Visual Studio Version 16
VisualStudioVersion = 16.0.30907.101
MinimumVisualStudioVersion = 10.0.40219.1
Project("{9A19103F-16F7-4668-BE54-9A1E7A4F7556}") = "DT102G Moment 1", "DT102G Moment 1.csproj", "{AB2FCFB4-0E37-4434-8A3E-D65D32E8C9D6}"
EndProject
Global
	GlobalSection(SolutionConfigurationPlatforms) = preSolution
		Debug|Any CPU = Debug|Any CPU
		Release|Any CPU = Release|Any CPU
	EndGlobalSection
	GlobalSection(ProjectConfigurationPlatforms) = postSolution
		{AB2FCFB4-0E37-4434-8A3E-D65D32E8C9D6}.Debug|Any CPU.ActiveCfg = Debug|Any CPU
		{AB2FCFB4-0E37-4434-8A3E-D65D32E8C9D6}.Debug|Any CPU.Build.0 = Debug|Any CPU
		{AB2FCFB4-0E37-4434-8A3E-D65D32E8C9D6}.Release|Any CPU.ActiveCfg = Release|Any CPU
		{AB2FCFB4-0E37-4434-8A3E-D65D32E8C9D6}.Release|Any CPU.Build.0 = Release|Any CPU
	EndGlobalSection
	GlobalSection(SolutionProperties) = preSolution
		HideSolutionNode = FALSE
	EndGlobalSection
	GlobalSection(ExtensibilityGlobals) = postSolution
		SolutionGuid = {429FE204-55CE-42AD-87BD-A463FADCEA10}
	EndGlobalSection
EndGlobal
